
Microsoft Visual Studio Solution File, Format Version 12.00
# Visual Studio Version 17
VisualStudioVersion = 17.2.32630.192
MinimumVisualStudioVersion = 10.0.40219.1
Project("{FAE04EC0-301F-11D3-BF4B-00C04F79EFBC}") = "SincronizadorQvetSuvesaPOS", "SincronizadorQvetSuvesaPOS\SincronizadorQvetSuvesaPOS.csproj", "{7B83C46B-D721-41EB-A3BE-98C7F08B5AB3}"
EndProject
Project("{54435603-DBB4-11D2-8724-00A0C9A8B90C}") = "SincronizdorSuvesa.installer", "SincronizdorSuvesa.installer\SincronizdorSuvesa.installer.vdproj", "{AF0E34D4-CD8B-4679-9F0E-0F63123E09DE}"
EndProject
Global
	GlobalSection(SolutionConfigurationPlatforms) = preSolution
		Debug|Any CPU = Debug|Any CPU
		Release|Any CPU = Release|Any CPU
	EndGlobalSection
	GlobalSection(ProjectConfigurationPlatforms) = postSolution
		{7B83C46B-D721-41EB-A3BE-98C7F08B5AB3}.Debug|Any CPU.ActiveCfg = Debug|Any CPU
		{7B83C46B-D721-41EB-A3BE-98C7F08B5AB3}.Debug|Any CPU.Build.0 = Debug|Any CPU
		{7B83C46B-D721-41EB-A3BE-98C7F08B5AB3}.Release|Any CPU.ActiveCfg = Release|Any CPU
		{7B83C46B-D721-41EB-A3BE-98C7F08B5AB3}.Release|Any CPU.Build.0 = Release|Any CPU
		{AF0E34D4-CD8B-4679-9F0E-0F63123E09DE}.Debug|Any CPU.ActiveCfg = Debug
		{AF0E34D4-CD8B-4679-9F0E-0F63123E09DE}.Release|Any CPU.ActiveCfg = Release
	EndGlobalSection
	GlobalSection(SolutionProperties) = preSolution
		HideSolutionNode = FALSE
	EndGlobalSection
	GlobalSection(ExtensibilityGlobals) = postSolution
		SolutionGuid = {ED48E98B-97A7-46CC-A82E-931CB8782ACC}
	EndGlobalSection
EndGlobal
